// !$*UTF8*$!
{
	archiveVersion = 1;
	classes = {
	};
	objectVersion = 46;
	objects = {

/* Begin PBXBuildFile section */
		86005EA81917BB5900CF87EF /* 07-map-marker@2x.png in Resources */ = {isa = PBXBuildFile; fileRef = 86005EA71917BB5900CF87EF /* 07-map-marker@2x.png */; };
		86005EAA1917BB6C00CF87EF /* 103-map@2x.png in Resources */ = {isa = PBXBuildFile; fileRef = 86005EA91917BB6C00CF87EF /* 103-map@2x.png */; };
		86005EAC1917BB8400CF87EF /* glyphicons_020_home@2x.png in Resources */ = {isa = PBXBuildFile; fileRef = 86005EAB1917BB8400CF87EF /* glyphicons_020_home@2x.png */; };
		86005EAE1917BBA000CF87EF /* glyphicons_195_circle_info@2x.png in Resources */ = {isa = PBXBuildFile; fileRef = 86005EAD1917BBA000CF87EF /* glyphicons_195_circle_info@2x.png */; };
		86005EB11917BBC200CF87EF /* glyphicons_027_search@2x.png in Resources */ = {isa = PBXBuildFile; fileRef = 86005EB01917BBC200CF87EF /* glyphicons_027_search@2x.png */; };
		86005EB41917BBDD00CF87EF /* Map alt 48x48.png in Resources */ = {isa = PBXBuildFile; fileRef = 86005EB31917BBDD00CF87EF /* Map alt 48x48.png */; };
		86005EB61917BBE900CF87EF /* Home 48x48.png in Resources */ = {isa = PBXBuildFile; fileRef = 86005EB51917BBE900CF87EF /* Home 48x48.png */; };
		86005EB81917BBF600CF87EF /* Info 48x48.png in Resources */ = {isa = PBXBuildFile; fileRef = 86005EB71917BBF600CF87EF /* Info 48x48.png */; };
		86005EBA1917BC0100CF87EF /* Search 48x48.png in Resources */ = {isa = PBXBuildFile; fileRef = 86005EB91917BC0100CF87EF /* Search 48x48.png */; };
		86005EBC1917C80000CF87EF /* GoogleMaps.framework in Frameworks */ = {isa = PBXBuildFile; fileRef = 86005EBB1917C80000CF87EF /* GoogleMaps.framework */; };
		86005EBE1917C83A00CF87EF /* AVFoundation.framework in Frameworks */ = {isa = PBXBuildFile; fileRef = 86005EBD1917C83A00CF87EF /* AVFoundation.framework */; };
		86005EC01917C84000CF87EF /* CoreData.framework in Frameworks */ = {isa = PBXBuildFile; fileRef = 86005EBF1917C84000CF87EF /* CoreData.framework */; };
		86005EC21917C84600CF87EF /* CoreLocation.framework in Frameworks */ = {isa = PBXBuildFile; fileRef = 86005EC11917C84600CF87EF /* CoreLocation.framework */; };
		86005EC41917C85000CF87EF /* CoreText.framework in Frameworks */ = {isa = PBXBuildFile; fileRef = 86005EC31917C85000CF87EF /* CoreText.framework */; };
		86005EC61917C85600CF87EF /* GLKit.framework in Frameworks */ = {isa = PBXBuildFile; fileRef = 86005EC51917C85600CF87EF /* GLKit.framework */; };
		86005EC81917C85C00CF87EF /* ImageIO.framework in Frameworks */ = {isa = PBXBuildFile; fileRef = 86005EC71917C85C00CF87EF /* ImageIO.framework */; };
		86005ECA1917C86F00CF87EF /* libc++.dylib in Frameworks */ = {isa = PBXBuildFile; fileRef = 86005EC91917C86F00CF87EF /* libc++.dylib */; };
		86005ECC1917C88000CF87EF /* libicucore.dylib in Frameworks */ = {isa = PBXBuildFile; fileRef = 86005ECB1917C88000CF87EF /* libicucore.dylib */; };
		86005ECE1917C89500CF87EF /* libz.dylib in Frameworks */ = {isa = PBXBuildFile; fileRef = 86005ECD1917C89500CF87EF /* libz.dylib */; };
		86005ED01917C89B00CF87EF /* OpenGLES.framework in Frameworks */ = {isa = PBXBuildFile; fileRef = 86005ECF1917C89B00CF87EF /* OpenGLES.framework */; };
		86005ED21917C8A700CF87EF /* QuartzCore.framework in Frameworks */ = {isa = PBXBuildFile; fileRef = 86005ED11917C8A700CF87EF /* QuartzCore.framework */; };
		86005ED41917C8B300CF87EF /* SystemConfiguration.framework in Frameworks */ = {isa = PBXBuildFile; fileRef = 86005ED31917C8B300CF87EF /* SystemConfiguration.framework */; };
		86005ED61917CB2600CF87EF /* GoogleMaps.bundle in Resources */ = {isa = PBXBuildFile; fileRef = 86005ED51917CB2600CF87EF /* GoogleMaps.bundle */; };
		8608E5CF1917D44900080153 /* README.md in Resources */ = {isa = PBXBuildFile; fileRef = 8608E5CE1917D44900080153 /* README.md */; };
		86319BE91917419100004C12 /* Foundation.framework in Frameworks */ = {isa = PBXBuildFile; fileRef = 86319BE81917419100004C12 /* Foundation.framework */; };
		86319BEB1917419100004C12 /* CoreGraphics.framework in Frameworks */ = {isa = PBXBuildFile; fileRef = 86319BEA1917419100004C12 /* CoreGraphics.framework */; };
		86319BED1917419100004C12 /* UIKit.framework in Frameworks */ = {isa = PBXBuildFile; fileRef = 86319BEC1917419100004C12 /* UIKit.framework */; };
		86319BF31917419100004C12 /* InfoPlist.strings in Resources */ = {isa = PBXBuildFile; fileRef = 86319BF11917419100004C12 /* InfoPlist.strings */; };
		86319BF51917419100004C12 /* main.m in Sources */ = {isa = PBXBuildFile; fileRef = 86319BF41917419100004C12 /* main.m */; };
		86319BF91917419100004C12 /* WSOAppDelegate.m in Sources */ = {isa = PBXBuildFile; fileRef = 86319BF81917419100004C12 /* WSOAppDelegate.m */; };
		86319BFC1917419100004C12 /* Main.storyboard in Resources */ = {isa = PBXBuildFile; fileRef = 86319BFA1917419100004C12 /* Main.storyboard */; };
		86319BFF1917419100004C12 /* WSOHomeViewController.m in Sources */ = {isa = PBXBuildFile; fileRef = 86319BFE1917419100004C12 /* WSOHomeViewController.m */; };
		86319C021917419100004C12 /* WSOSearchViewController.m in Sources */ = {isa = PBXBuildFile; fileRef = 86319C011917419100004C12 /* WSOSearchViewController.m */; };
		86319C041917419100004C12 /* Images.xcassets in Resources */ = {isa = PBXBuildFile; fileRef = 86319C031917419100004C12 /* Images.xcassets */; };
		86319C0B1917419100004C12 /* XCTest.framework in Frameworks */ = {isa = PBXBuildFile; fileRef = 86319C0A1917419100004C12 /* XCTest.framework */; };
		86319C0C1917419100004C12 /* Foundation.framework in Frameworks */ = {isa = PBXBuildFile; fileRef = 86319BE81917419100004C12 /* Foundation.framework */; };
		86319C0D1917419100004C12 /* UIKit.framework in Frameworks */ = {isa = PBXBuildFile; fileRef = 86319BEC1917419100004C12 /* UIKit.framework */; };
		86319C151917419100004C12 /* InfoPlist.strings in Resources */ = {isa = PBXBuildFile; fileRef = 86319C131917419100004C12 /* InfoPlist.strings */; };
		86319C171917419100004C12 /* WSOTests.m in Sources */ = {isa = PBXBuildFile; fileRef = 86319C161917419100004C12 /* WSOTests.m */; };
		86319C221917438700004C12 /* WSOMapViewController.m in Sources */ = {isa = PBXBuildFile; fileRef = 86319C211917438700004C12 /* WSOMapViewController.m */; };
		86319C261917446000004C12 /* Map alt 32x32.png in Resources */ = {isa = PBXBuildFile; fileRef = 86319C251917446000004C12 /* Map alt 32x32.png */; };
		86319C281917448200004C12 /* Home 32x32.png in Resources */ = {isa = PBXBuildFile; fileRef = 86319C271917448200004C12 /* Home 32x32.png */; };
		86319C2B191744F700004C12 /* Info 32x32.png in Resources */ = {isa = PBXBuildFile; fileRef = 86319C2A191744F700004C12 /* Info 32x32.png */; };
		86319C2D1917455600004C12 /* Search 32x32.png in Resources */ = {isa = PBXBuildFile; fileRef = 86319C2C1917455600004C12 /* Search 32x32.png */; };
		86319C30191746E200004C12 /* WSOTrakViewController.m in Sources */ = {isa = PBXBuildFile; fileRef = 86319C2F191746E200004C12 /* WSOTrakViewController.m */; };
		86319C321917488B00004C12 /* MapKit.framework in Frameworks */ = {isa = PBXBuildFile; fileRef = 86319C311917488B00004C12 /* MapKit.framework */; };
/* End PBXBuildFile section */

/* Begin PBXContainerItemProxy section */
		86319C0E1917419100004C12 /* PBXContainerItemProxy */ = {
			isa = PBXContainerItemProxy;
			containerPortal = 86319BDD1917419100004C12 /* Project object */;
			proxyType = 1;
			remoteGlobalIDString = 86319BE41917419100004C12;
			remoteInfo = WSO;
		};
/* End PBXContainerItemProxy section */

/* Begin PBXFileReference section */
		86005EA71917BB5900CF87EF /* 07-map-marker@2x.png */ = {isa = PBXFileReference; lastKnownFileType = image.png; path = "07-map-marker@2x.png"; sourceTree = "<group>"; };
		86005EA91917BB6C00CF87EF /* 103-map@2x.png */ = {isa = PBXFileReference; lastKnownFileType = image.png; path = "103-map@2x.png"; sourceTree = "<group>"; };
		86005EAB1917BB8400CF87EF /* glyphicons_020_home@2x.png */ = {isa = PBXFileReference; lastKnownFileType = image.png; path = "glyphicons_020_home@2x.png"; sourceTree = "<group>"; };
		86005EAD1917BBA000CF87EF /* glyphicons_195_circle_info@2x.png */ = {isa = PBXFileReference; lastKnownFileType = image.png; path = "glyphicons_195_circle_info@2x.png"; sourceTree = "<group>"; };
		86005EB01917BBC200CF87EF /* glyphicons_027_search@2x.png */ = {isa = PBXFileReference; lastKnownFileType = image.png; path = "glyphicons_027_search@2x.png"; sourceTree = "<group>"; };
		86005EB31917BBDD00CF87EF /* Map alt 48x48.png */ = {isa = PBXFileReference; lastKnownFileType = image.png; path = "Map alt 48x48.png"; sourceTree = "<group>"; };
		86005EB51917BBE900CF87EF /* Home 48x48.png */ = {isa = PBXFileReference; lastKnownFileType = image.png; path = "Home 48x48.png"; sourceTree = "<group>"; };
		86005EB71917BBF600CF87EF /* Info 48x48.png */ = {isa = PBXFileReference; lastKnownFileType = image.png; path = "Info 48x48.png"; sourceTree = "<group>"; };
		86005EB91917BC0100CF87EF /* Search 48x48.png */ = {isa = PBXFileReference; lastKnownFileType = image.png; path = "Search 48x48.png"; sourceTree = "<group>"; };
		86005EBB1917C80000CF87EF /* GoogleMaps.framework */ = {isa = PBXFileReference; lastKnownFileType = wrapper.framework; path = GoogleMaps.framework; sourceTree = "<group>"; };
		86005EBD1917C83A00CF87EF /* AVFoundation.framework */ = {isa = PBXFileReference; lastKnownFileType = wrapper.framework; name = AVFoundation.framework; path = System/Library/Frameworks/AVFoundation.framework; sourceTree = SDKROOT; };
		86005EBF1917C84000CF87EF /* CoreData.framework */ = {isa = PBXFileReference; lastKnownFileType = wrapper.framework; name = CoreData.framework; path = System/Library/Frameworks/CoreData.framework; sourceTree = SDKROOT; };
		86005EC11917C84600CF87EF /* CoreLocation.framework */ = {isa = PBXFileReference; lastKnownFileType = wrapper.framework; name = CoreLocation.framework; path = System/Library/Frameworks/CoreLocation.framework; sourceTree = SDKROOT; };
		86005EC31917C85000CF87EF /* CoreText.framework */ = {isa = PBXFileReference; lastKnownFileType = wrapper.framework; name = CoreText.framework; path = System/Library/Frameworks/CoreText.framework; sourceTree = SDKROOT; };
		86005EC51917C85600CF87EF /* GLKit.framework */ = {isa = PBXFileReference; lastKnownFileType = wrapper.framework; name = GLKit.framework; path = System/Library/Frameworks/GLKit.framework; sourceTree = SDKROOT; };
		86005EC71917C85C00CF87EF /* ImageIO.framework */ = {isa = PBXFileReference; lastKnownFileType = wrapper.framework; name = ImageIO.framework; path = System/Library/Frameworks/ImageIO.framework; sourceTree = SDKROOT; };
		86005EC91917C86F00CF87EF /* libc++.dylib */ = {isa = PBXFileReference; lastKnownFileType = "compiled.mach-o.dylib"; name = "libc++.dylib"; path = "usr/lib/libc++.dylib"; sourceTree = SDKROOT; };
		86005ECB1917C88000CF87EF /* libicucore.dylib */ = {isa = PBXFileReference; lastKnownFileType = "compiled.mach-o.dylib"; name = libicucore.dylib; path = usr/lib/libicucore.dylib; sourceTree = SDKROOT; };
		86005ECD1917C89500CF87EF /* libz.dylib */ = {isa = PBXFileReference; lastKnownFileType = "compiled.mach-o.dylib"; name = libz.dylib; path = usr/lib/libz.dylib; sourceTree = SDKROOT; };
		86005ECF1917C89B00CF87EF /* OpenGLES.framework */ = {isa = PBXFileReference; lastKnownFileType = wrapper.framework; name = OpenGLES.framework; path = System/Library/Frameworks/OpenGLES.framework; sourceTree = SDKROOT; };
		86005ED11917C8A700CF87EF /* QuartzCore.framework */ = {isa = PBXFileReference; lastKnownFileType = wrapper.framework; name = QuartzCore.framework; path = System/Library/Frameworks/QuartzCore.framework; sourceTree = SDKROOT; };
		86005ED31917C8B300CF87EF /* SystemConfiguration.framework */ = {isa = PBXFileReference; lastKnownFileType = wrapper.framework; name = SystemConfiguration.framework; path = System/Library/Frameworks/SystemConfiguration.framework; sourceTree = SDKROOT; };
		86005ED51917CB2600CF87EF /* GoogleMaps.bundle */ = {isa = PBXFileReference; lastKnownFileType = "wrapper.plug-in"; name = GoogleMaps.bundle; path = GoogleMaps.framework/Versions/A/Resources/GoogleMaps.bundle; sourceTree = "<group>"; };
		8608E5CE1917D44900080153 /* README.md */ = {isa = PBXFileReference; fileEncoding = 4; lastKnownFileType = text; path = README.md; sourceTree = SOURCE_ROOT; };
		86319BE51917419100004C12 /* WSO.app */ = {isa = PBXFileReference; explicitFileType = wrapper.application; includeInIndex = 0; path = WSO.app; sourceTree = BUILT_PRODUCTS_DIR; };
		86319BE81917419100004C12 /* Foundation.framework */ = {isa = PBXFileReference; lastKnownFileType = wrapper.framework; name = Foundation.framework; path = System/Library/Frameworks/Foundation.framework; sourceTree = SDKROOT; };
		86319BEA1917419100004C12 /* CoreGraphics.framework */ = {isa = PBXFileReference; lastKnownFileType = wrapper.framework; name = CoreGraphics.framework; path = System/Library/Frameworks/CoreGraphics.framework; sourceTree = SDKROOT; };
		86319BEC1917419100004C12 /* UIKit.framework */ = {isa = PBXFileReference; lastKnownFileType = wrapper.framework; name = UIKit.framework; path = System/Library/Frameworks/UIKit.framework; sourceTree = SDKROOT; };
		86319BF01917419100004C12 /* WSO-Info.plist */ = {isa = PBXFileReference; lastKnownFileType = text.plist.xml; path = "WSO-Info.plist"; sourceTree = "<group>"; };
		86319BF21917419100004C12 /* en */ = {isa = PBXFileReference; lastKnownFileType = text.plist.strings; name = en; path = en.lproj/InfoPlist.strings; sourceTree = "<group>"; };
		86319BF41917419100004C12 /* main.m */ = {isa = PBXFileReference; lastKnownFileType = sourcecode.c.objc; path = main.m; sourceTree = "<group>"; };
		86319BF61917419100004C12 /* WSO-Prefix.pch */ = {isa = PBXFileReference; lastKnownFileType = sourcecode.c.h; path = "WSO-Prefix.pch"; sourceTree = "<group>"; };
		86319BF71917419100004C12 /* WSOAppDelegate.h */ = {isa = PBXFileReference; lastKnownFileType = sourcecode.c.h; path = WSOAppDelegate.h; sourceTree = "<group>"; };
		86319BF81917419100004C12 /* WSOAppDelegate.m */ = {isa = PBXFileReference; lastKnownFileType = sourcecode.c.objc; path = WSOAppDelegate.m; sourceTree = "<group>"; };
		86319BFB1917419100004C12 /* Base */ = {isa = PBXFileReference; lastKnownFileType = file.storyboard; name = Base; path = Base.lproj/Main.storyboard; sourceTree = "<group>"; };
		86319BFD1917419100004C12 /* WSOHomeViewController.h */ = {isa = PBXFileReference; lastKnownFileType = sourcecode.c.h; path = WSOHomeViewController.h; sourceTree = "<group>"; };
		86319BFE1917419100004C12 /* WSOHomeViewController.m */ = {isa = PBXFileReference; lastKnownFileType = sourcecode.c.objc; path = WSOHomeViewController.m; sourceTree = "<group>"; };
		86319C001917419100004C12 /* WSOSearchViewController.h */ = {isa = PBXFileReference; lastKnownFileType = sourcecode.c.h; path = WSOSearchViewController.h; sourceTree = "<group>"; };
		86319C011917419100004C12 /* WSOSearchViewController.m */ = {isa = PBXFileReference; lastKnownFileType = sourcecode.c.objc; path = WSOSearchViewController.m; sourceTree = "<group>"; };
		86319C031917419100004C12 /* Images.xcassets */ = {isa = PBXFileReference; lastKnownFileType = folder.assetcatalog; path = Images.xcassets; sourceTree = "<group>"; };
		86319C091917419100004C12 /* WSOTests.xctest */ = {isa = PBXFileReference; explicitFileType = wrapper.cfbundle; includeInIndex = 0; path = WSOTests.xctest; sourceTree = BUILT_PRODUCTS_DIR; };
		86319C0A1917419100004C12 /* XCTest.framework */ = {isa = PBXFileReference; lastKnownFileType = wrapper.framework; name = XCTest.framework; path = Library/Frameworks/XCTest.framework; sourceTree = DEVELOPER_DIR; };
		86319C121917419100004C12 /* WSOTests-Info.plist */ = {isa = PBXFileReference; lastKnownFileType = text.plist.xml; path = "WSOTests-Info.plist"; sourceTree = "<group>"; };
		86319C141917419100004C12 /* en */ = {isa = PBXFileReference; lastKnownFileType = text.plist.strings; name = en; path = en.lproj/InfoPlist.strings; sourceTree = "<group>"; };
		86319C161917419100004C12 /* WSOTests.m */ = {isa = PBXFileReference; lastKnownFileType = sourcecode.c.objc; path = WSOTests.m; sourceTree = "<group>"; };
		86319C201917438700004C12 /* WSOMapViewController.h */ = {isa = PBXFileReference; fileEncoding = 4; lastKnownFileType = sourcecode.c.h; path = WSOMapViewController.h; sourceTree = "<group>"; };
		86319C211917438700004C12 /* WSOMapViewController.m */ = {isa = PBXFileReference; fileEncoding = 4; lastKnownFileType = sourcecode.c.objc; path = WSOMapViewController.m; sourceTree = "<group>"; };
		86319C251917446000004C12 /* Map alt 32x32.png */ = {isa = PBXFileReference; lastKnownFileType = image.png; path = "Map alt 32x32.png"; sourceTree = "<group>"; };
		86319C271917448200004C12 /* Home 32x32.png */ = {isa = PBXFileReference; lastKnownFileType = image.png; path = "Home 32x32.png"; sourceTree = "<group>"; };
		86319C2A191744F700004C12 /* Info 32x32.png */ = {isa = PBXFileReference; lastKnownFileType = image.png; path = "Info 32x32.png"; sourceTree = "<group>"; };
		86319C2C1917455600004C12 /* Search 32x32.png */ = {isa = PBXFileReference; lastKnownFileType = image.png; path = "Search 32x32.png"; sourceTree = "<group>"; };
		86319C2E191746E200004C12 /* WSOTrakViewController.h */ = {isa = PBXFileReference; fileEncoding = 4; lastKnownFileType = sourcecode.c.h; path = WSOTrakViewController.h; sourceTree = "<group>"; };
		86319C2F191746E200004C12 /* WSOTrakViewController.m */ = {isa = PBXFileReference; fileEncoding = 4; lastKnownFileType = sourcecode.c.objc; path = WSOTrakViewController.m; sourceTree = "<group>"; };
		86319C311917488B00004C12 /* MapKit.framework */ = {isa = PBXFileReference; lastKnownFileType = wrapper.framework; name = MapKit.framework; path = System/Library/Frameworks/MapKit.framework; sourceTree = SDKROOT; };
/* End PBXFileReference section */

/* Begin PBXFrameworksBuildPhase section */
		86319BE21917419100004C12 /* Frameworks */ = {
			isa = PBXFrameworksBuildPhase;
			buildActionMask = 2147483647;
			files = (
				86005ED41917C8B300CF87EF /* SystemConfiguration.framework in Frameworks */,
				86005ED21917C8A700CF87EF /* QuartzCore.framework in Frameworks */,
				86005ED01917C89B00CF87EF /* OpenGLES.framework in Frameworks */,
				86005ECE1917C89500CF87EF /* libz.dylib in Frameworks */,
				86005ECC1917C88000CF87EF /* libicucore.dylib in Frameworks */,
				86005ECA1917C86F00CF87EF /* libc++.dylib in Frameworks */,
				86005EC81917C85C00CF87EF /* ImageIO.framework in Frameworks */,
				86005EC61917C85600CF87EF /* GLKit.framework in Frameworks */,
				86005EC41917C85000CF87EF /* CoreText.framework in Frameworks */,
				86005EC21917C84600CF87EF /* CoreLocation.framework in Frameworks */,
				86005EC01917C84000CF87EF /* CoreData.framework in Frameworks */,
				86005EBE1917C83A00CF87EF /* AVFoundation.framework in Frameworks */,
				86319C321917488B00004C12 /* MapKit.framework in Frameworks */,
				86319BEB1917419100004C12 /* CoreGraphics.framework in Frameworks */,
				86319BED1917419100004C12 /* UIKit.framework in Frameworks */,
				86005EBC1917C80000CF87EF /* GoogleMaps.framework in Frameworks */,
				86319BE91917419100004C12 /* Foundation.framework in Frameworks */,
			);
			runOnlyForDeploymentPostprocessing = 0;
		};
		86319C061917419100004C12 /* Frameworks */ = {
			isa = PBXFrameworksBuildPhase;
			buildActionMask = 2147483647;
			files = (
				86319C0B1917419100004C12 /* XCTest.framework in Frameworks */,
				86319C0D1917419100004C12 /* UIKit.framework in Frameworks */,
				86319C0C1917419100004C12 /* Foundation.framework in Frameworks */,
			);
			runOnlyForDeploymentPostprocessing = 0;
		};
/* End PBXFrameworksBuildPhase section */

/* Begin PBXGroup section */
		86005EAF1917BBA800CF87EF /* glyphicons */ = {
			isa = PBXGroup;
			children = (
				86005EA71917BB5900CF87EF /* 07-map-marker@2x.png */,
				86005EA91917BB6C00CF87EF /* 103-map@2x.png */,
				86005EAB1917BB8400CF87EF /* glyphicons_020_home@2x.png */,
				86005EAD1917BBA000CF87EF /* glyphicons_195_circle_info@2x.png */,
				86005EB01917BBC200CF87EF /* glyphicons_027_search@2x.png */,
			);
			name = glyphicons;
			sourceTree = "<group>";
		};
		86005EB21917BBC900CF87EF /* Helveticons */ = {
			isa = PBXGroup;
			children = (
				86319C251917446000004C12 /* Map alt 32x32.png */,
				86005EB31917BBDD00CF87EF /* Map alt 48x48.png */,
				86319C271917448200004C12 /* Home 32x32.png */,
				86005EB51917BBE900CF87EF /* Home 48x48.png */,
				86319C2A191744F700004C12 /* Info 32x32.png */,
				86005EB71917BBF600CF87EF /* Info 48x48.png */,
				86319C2C1917455600004C12 /* Search 32x32.png */,
				86005EB91917BC0100CF87EF /* Search 48x48.png */,
			);
			name = Helveticons;
			sourceTree = "<group>";
		};
		86319BDC1917419100004C12 = {
			isa = PBXGroup;
			children = (
				86319BEE1917419100004C12 /* WSO */,
				86319C101917419100004C12 /* WSOTests */,
				86319BE71917419100004C12 /* Frameworks */,
				86319BE61917419100004C12 /* Products */,
			);
			sourceTree = "<group>";
		};
		86319BE61917419100004C12 /* Products */ = {
			isa = PBXGroup;
			children = (
				86319BE51917419100004C12 /* WSO.app */,
				86319C091917419100004C12 /* WSOTests.xctest */,
			);
			name = Products;
			sourceTree = "<group>";
		};
		86319BE71917419100004C12 /* Frameworks */ = {
			isa = PBXGroup;
			children = (
				86005ED51917CB2600CF87EF /* GoogleMaps.bundle */,
				86005ED31917C8B300CF87EF /* SystemConfiguration.framework */,
				86005ED11917C8A700CF87EF /* QuartzCore.framework */,
				86005ECF1917C89B00CF87EF /* OpenGLES.framework */,
				86005ECD1917C89500CF87EF /* libz.dylib */,
				86005ECB1917C88000CF87EF /* libicucore.dylib */,
				86005EC91917C86F00CF87EF /* libc++.dylib */,
				86005EC71917C85C00CF87EF /* ImageIO.framework */,
				86005EC51917C85600CF87EF /* GLKit.framework */,
				86005EC31917C85000CF87EF /* CoreText.framework */,
				86005EC11917C84600CF87EF /* CoreLocation.framework */,
				86005EBF1917C84000CF87EF /* CoreData.framework */,
				86005EBD1917C83A00CF87EF /* AVFoundation.framework */,
				86005EBB1917C80000CF87EF /* GoogleMaps.framework */,
				86319C311917488B00004C12 /* MapKit.framework */,
				86319BE81917419100004C12 /* Foundation.framework */,
				86319BEA1917419100004C12 /* CoreGraphics.framework */,
				86319BEC1917419100004C12 /* UIKit.framework */,
				86319C0A1917419100004C12 /* XCTest.framework */,
			);
			name = Frameworks;
			sourceTree = "<group>";
		};
		86319BEE1917419100004C12 /* WSO */ = {
			isa = PBXGroup;
			children = (
				8608E5CE1917D44900080153 /* README.md */,
				86319BF71917419100004C12 /* WSOAppDelegate.h */,
				86319BF81917419100004C12 /* WSOAppDelegate.m */,
				86319BFA1917419100004C12 /* Main.storyboard */,
				86319BFD1917419100004C12 /* WSOHomeViewController.h */,
				86319BFE1917419100004C12 /* WSOHomeViewController.m */,
				86319C001917419100004C12 /* WSOSearchViewController.h */,
				86319C011917419100004C12 /* WSOSearchViewController.m */,
				86319C201917438700004C12 /* WSOMapViewController.h */,
				86319C211917438700004C12 /* WSOMapViewController.m */,
				86319C2E191746E200004C12 /* WSOTrakViewController.h */,
				86319C2F191746E200004C12 /* WSOTrakViewController.m */,
				86319C031917419100004C12 /* Images.xcassets */,
				86319C291917449200004C12 /* icons */,
				86319BEF1917419100004C12 /* Supporting Files */,
			);
			path = WSO;
			sourceTree = "<group>";
		};
		86319BEF1917419100004C12 /* Supporting Files */ = {
			isa = PBXGroup;
			children = (
				86319BF01917419100004C12 /* WSO-Info.plist */,
				86319BF11917419100004C12 /* InfoPlist.strings */,
				86319BF41917419100004C12 /* main.m */,
				86319BF61917419100004C12 /* WSO-Prefix.pch */,
			);
			name = "Supporting Files";
			sourceTree = "<group>";
		};
		86319C101917419100004C12 /* WSOTests */ = {
			isa = PBXGroup;
			children = (
				86319C161917419100004C12 /* WSOTests.m */,
				86319C111917419100004C12 /* Supporting Files */,
			);
			path = WSOTests;
			sourceTree = "<group>";
		};
		86319C111917419100004C12 /* Supporting Files */ = {
			isa = PBXGroup;
			children = (
				86319C121917419100004C12 /* WSOTests-Info.plist */,
				86319C131917419100004C12 /* InfoPlist.strings */,
			);
			name = "Supporting Files";
			sourceTree = "<group>";
		};
		86319C291917449200004C12 /* icons */ = {
			isa = PBXGroup;
			children = (
				86005EAF1917BBA800CF87EF /* glyphicons */,
				86005EB21917BBC900CF87EF /* Helveticons */,
			);
			name = icons;
			sourceTree = "<group>";
		};
/* End PBXGroup section */

/* Begin PBXNativeTarget section */
		86319BE41917419100004C12 /* WSO */ = {
			isa = PBXNativeTarget;
			buildConfigurationList = 86319C1A1917419100004C12 /* Build configuration list for PBXNativeTarget "WSO" */;
			buildPhases = (
				86319BE11917419100004C12 /* Sources */,
				86319BE21917419100004C12 /* Frameworks */,
				86319BE31917419100004C12 /* Resources */,
			);
			buildRules = (
			);
			dependencies = (
			);
			name = WSO;
			productName = WSO;
			productReference = 86319BE51917419100004C12 /* WSO.app */;
			productType = "com.apple.product-type.application";
		};
		86319C081917419100004C12 /* WSOTests */ = {
			isa = PBXNativeTarget;
			buildConfigurationList = 86319C1D1917419100004C12 /* Build configuration list for PBXNativeTarget "WSOTests" */;
			buildPhases = (
				86319C051917419100004C12 /* Sources */,
				86319C061917419100004C12 /* Frameworks */,
				86319C071917419100004C12 /* Resources */,
			);
			buildRules = (
			);
			dependencies = (
				86319C0F1917419100004C12 /* PBXTargetDependency */,
			);
			name = WSOTests;
			productName = WSOTests;
			productReference = 86319C091917419100004C12 /* WSOTests.xctest */;
			productType = "com.apple.product-type.bundle.unit-test";
		};
/* End PBXNativeTarget section */

/* Begin PBXProject section */
		86319BDD1917419100004C12 /* Project object */ = {
			isa = PBXProject;
			attributes = {
				CLASSPREFIX = WSO;
				LastUpgradeCheck = 0510;
				ORGANIZATIONNAME = "Williams Students Online";
				TargetAttributes = {
					86319C081917419100004C12 = {
						TestTargetID = 86319BE41917419100004C12;
					};
				};
			};
			buildConfigurationList = 86319BE01917419100004C12 /* Build configuration list for PBXProject "WSO" */;
			compatibilityVersion = "Xcode 3.2";
			developmentRegion = English;
			hasScannedForEncodings = 0;
			knownRegions = (
				en,
				Base,
			);
			mainGroup = 86319BDC1917419100004C12;
			productRefGroup = 86319BE61917419100004C12 /* Products */;
			projectDirPath = "";
			projectRoot = "";
			targets = (
				86319BE41917419100004C12 /* WSO */,
				86319C081917419100004C12 /* WSOTests */,
			);
		};
/* End PBXProject section */

/* Begin PBXResourcesBuildPhase section */
		86319BE31917419100004C12 /* Resources */ = {
			isa = PBXResourcesBuildPhase;
			buildActionMask = 2147483647;
			files = (
				86319C2D1917455600004C12 /* Search 32x32.png in Resources */,
				86005ED61917CB2600CF87EF /* GoogleMaps.bundle in Resources */,
				86319C281917448200004C12 /* Home 32x32.png in Resources */,
				86005EAC1917BB8400CF87EF /* glyphicons_020_home@2x.png in Resources */,
				86005EA81917BB5900CF87EF /* 07-map-marker@2x.png in Resources */,
				86005EB61917BBE900CF87EF /* Home 48x48.png in Resources */,
				8608E5CF1917D44900080153 /* README.md in Resources */,
				86319C2B191744F700004C12 /* Info 32x32.png in Resources */,
				86319C261917446000004C12 /* Map alt 32x32.png in Resources */,
				86319C041917419100004C12 /* Images.xcassets in Resources */,
				86319BF31917419100004C12 /* InfoPlist.strings in Resources */,
				86005EBA1917BC0100CF87EF /* Search 48x48.png in Resources */,
				86319BFC1917419100004C12 /* Main.storyboard in Resources */,
				86005EAE1917BBA000CF87EF /* glyphicons_195_circle_info@2x.png in Resources */,
				86005EB11917BBC200CF87EF /* glyphicons_027_search@2x.png in Resources */,
				86005EB41917BBDD00CF87EF /* Map alt 48x48.png in Resources */,
				86005EAA1917BB6C00CF87EF /* 103-map@2x.png in Resources */,
				86005EB81917BBF600CF87EF /* Info 48x48.png in Resources */,
			);
			runOnlyForDeploymentPostprocessing = 0;
		};
		86319C071917419100004C12 /* Resources */ = {
			isa = PBXResourcesBuildPhase;
			buildActionMask = 2147483647;
			files = (
				86319C151917419100004C12 /* InfoPlist.strings in Resources */,
			);
			runOnlyForDeploymentPostprocessing = 0;
		};
/* End PBXResourcesBuildPhase section */

/* Begin PBXSourcesBuildPhase section */
		86319BE11917419100004C12 /* Sources */ = {
			isa = PBXSourcesBuildPhase;
			buildActionMask = 2147483647;
			files = (
				86319C221917438700004C12 /* WSOMapViewController.m in Sources */,
				86319C021917419100004C12 /* WSOSearchViewController.m in Sources */,
				86319BFF1917419100004C12 /* WSOHomeViewController.m in Sources */,
				86319BF91917419100004C12 /* WSOAppDelegate.m in Sources */,
				86319C30191746E200004C12 /* WSOTrakViewController.m in Sources */,
				86319BF51917419100004C12 /* main.m in Sources */,
			);
			runOnlyForDeploymentPostprocessing = 0;
		};
		86319C051917419100004C12 /* Sources */ = {
			isa = PBXSourcesBuildPhase;
			buildActionMask = 2147483647;
			files = (
				86319C171917419100004C12 /* WSOTests.m in Sources */,
			);
			runOnlyForDeploymentPostprocessing = 0;
		};
/* End PBXSourcesBuildPhase section */

/* Begin PBXTargetDependency section */
		86319C0F1917419100004C12 /* PBXTargetDependency */ = {
			isa = PBXTargetDependency;
			target = 86319BE41917419100004C12 /* WSO */;
			targetProxy = 86319C0E1917419100004C12 /* PBXContainerItemProxy */;
		};
/* End PBXTargetDependency section */

/* Begin PBXVariantGroup section */
		86319BF11917419100004C12 /* InfoPlist.strings */ = {
			isa = PBXVariantGroup;
			children = (
				86319BF21917419100004C12 /* en */,
			);
			name = InfoPlist.strings;
			sourceTree = "<group>";
		};
		86319BFA1917419100004C12 /* Main.storyboard */ = {
			isa = PBXVariantGroup;
			children = (
				86319BFB1917419100004C12 /* Base */,
			);
			name = Main.storyboard;
			sourceTree = "<group>";
		};
		86319C131917419100004C12 /* InfoPlist.strings */ = {
			isa = PBXVariantGroup;
			children = (
				86319C141917419100004C12 /* en */,
			);
			name = InfoPlist.strings;
			sourceTree = "<group>";
		};
/* End PBXVariantGroup section */

/* Begin XCBuildConfiguration section */
		86319C181917419100004C12 /* Debug */ = {
			isa = XCBuildConfiguration;
			buildSettings = {
				ALWAYS_SEARCH_USER_PATHS = NO;
				CLANG_CXX_LANGUAGE_STANDARD = "gnu++0x";
				CLANG_CXX_LIBRARY = "libc++";
				CLANG_ENABLE_MODULES = YES;
				CLANG_ENABLE_OBJC_ARC = YES;
				CLANG_WARN_BOOL_CONVERSION = YES;
				CLANG_WARN_CONSTANT_CONVERSION = YES;
				CLANG_WARN_DIRECT_OBJC_ISA_USAGE = YES_ERROR;
				CLANG_WARN_EMPTY_BODY = YES;
				CLANG_WARN_ENUM_CONVERSION = YES;
				CLANG_WARN_INT_CONVERSION = YES;
				CLANG_WARN_OBJC_ROOT_CLASS = YES_ERROR;
				CLANG_WARN__DUPLICATE_METHOD_MATCH = YES;
				"CODE_SIGN_IDENTITY[sdk=iphoneos*]" = "iPhone Developer";
				COPY_PHASE_STRIP = NO;
				GCC_C_LANGUAGE_STANDARD = gnu99;
				GCC_DYNAMIC_NO_PIC = NO;
				GCC_OPTIMIZATION_LEVEL = 0;
				GCC_PREPROCESSOR_DEFINITIONS = (
					"DEBUG=1",
					"$(inherited)",
				);
				GCC_SYMBOLS_PRIVATE_EXTERN = NO;
				GCC_WARN_64_TO_32_BIT_CONVERSION = YES;
				GCC_WARN_ABOUT_RETURN_TYPE = YES_ERROR;
				GCC_WARN_UNDECLARED_SELECTOR = YES;
				GCC_WARN_UNINITIALIZED_AUTOS = YES_AGGRESSIVE;
				GCC_WARN_UNUSED_FUNCTION = YES;
				GCC_WARN_UNUSED_VARIABLE = YES;
				IPHONEOS_DEPLOYMENT_TARGET = 7.1;
				ONLY_ACTIVE_ARCH = YES;
				OTHER_LDFLAGS = "-ObjC";
				SDKROOT = iphoneos;
			};
			name = Debug;
		};
		86319C191917419100004C12 /* Release */ = {
			isa = XCBuildConfiguration;
			buildSettings = {
				ALWAYS_SEARCH_USER_PATHS = NO;
				CLANG_CXX_LANGUAGE_STANDARD = "gnu++0x";
				CLANG_CXX_LIBRARY = "libc++";
				CLANG_ENABLE_MODULES = YES;
				CLANG_ENABLE_OBJC_ARC = YES;
				CLANG_WARN_BOOL_CONVERSION = YES;
				CLANG_WARN_CONSTANT_CONVERSION = YES;
				CLANG_WARN_DIRECT_OBJC_ISA_USAGE = YES_ERROR;
				CLANG_WARN_EMPTY_BODY = YES;
				CLANG_WARN_ENUM_CONVERSION = YES;
				CLANG_WARN_INT_CONVERSION = YES;
				CLANG_WARN_OBJC_ROOT_CLASS = YES_ERROR;
				CLANG_WARN__DUPLICATE_METHOD_MATCH = YES;
				"CODE_SIGN_IDENTITY[sdk=iphoneos*]" = "iPhone Developer";
				COPY_PHASE_STRIP = YES;
				ENABLE_NS_ASSERTIONS = NO;
				GCC_C_LANGUAGE_STANDARD = gnu99;
				GCC_WARN_64_TO_32_BIT_CONVERSION = YES;
				GCC_WARN_ABOUT_RETURN_TYPE = YES_ERROR;
				GCC_WARN_UNDECLARED_SELECTOR = YES;
				GCC_WARN_UNINITIALIZED_AUTOS = YES_AGGRESSIVE;
				GCC_WARN_UNUSED_FUNCTION = YES;
				GCC_WARN_UNUSED_VARIABLE = YES;
				IPHONEOS_DEPLOYMENT_TARGET = 7.1;
				OTHER_LDFLAGS = "-ObjC";
				SDKROOT = iphoneos;
				VALIDATE_PRODUCT = YES;
			};
			name = Release;
		};
		86319C1B1917419100004C12 /* Debug */ = {
			isa = XCBuildConfiguration;
			buildSettings = {
				ASSETCATALOG_COMPILER_APPICON_NAME = AppIcon;
				ASSETCATALOG_COMPILER_LAUNCHIMAGE_NAME = LaunchImage;
				FRAMEWORK_SEARCH_PATHS = (
					"$(inherited)",
					"$(PROJECT_DIR)",
				);
				GCC_PRECOMPILE_PREFIX_HEADER = YES;
				GCC_PREFIX_HEADER = "WSO/WSO-Prefix.pch";
				INFOPLIST_FILE = "WSO/WSO-Info.plist";
				PRODUCT_NAME = "$(TARGET_NAME)";
				WRAPPER_EXTENSION = app;
			};
			name = Debug;
		};
		86319C1C1917419100004C12 /* Release */ = {
			isa = XCBuildConfiguration;
			buildSettings = {
				ASSETCATALOG_COMPILER_APPICON_NAME = AppIcon;
				ASSETCATALOG_COMPILER_LAUNCHIMAGE_NAME = LaunchImage;
				FRAMEWORK_SEARCH_PATHS = (
					"$(inherited)",
					"$(PROJECT_DIR)",
				);
				GCC_PRECOMPILE_PREFIX_HEADER = YES;
				GCC_PREFIX_HEADER = "WSO/WSO-Prefix.pch";
				INFOPLIST_FILE = "WSO/WSO-Info.plist";
				PRODUCT_NAME = "$(TARGET_NAME)";
				WRAPPER_EXTENSION = app;
			};
			name = Release;
		};
		86319C1E1917419100004C12 /* Debug */ = {
			isa = XCBuildConfiguration;
			buildSettings = {
				BUNDLE_LOADER = "$(BUILT_PRODUCTS_DIR)/WSO.app/WSO";
				FRAMEWORK_SEARCH_PATHS = (
					"$(SDKROOT)/Developer/Library/Frameworks",
					"$(inherited)",
					"$(DEVELOPER_FRAMEWORKS_DIR)",
				);
				GCC_PRECOMPILE_PREFIX_HEADER = YES;
				GCC_PREFIX_HEADER = "WSO/WSO-Prefix.pch";
				GCC_PREPROCESSOR_DEFINITIONS = (
					"DEBUG=1",
					"$(inherited)",
				);
				INFOPLIST_FILE = "WSOTests/WSOTests-Info.plist";
				PRODUCT_NAME = "$(TARGET_NAME)";
				TEST_HOST = "$(BUNDLE_LOADER)";
				WRAPPER_EXTENSION = xctest;
			};
			name = Debug;
		};
		86319C1F1917419100004C12 /* Release */ = {
			isa = XCBuildConfiguration;
			buildSettings = {
				BUNDLE_LOADER = "$(BUILT_PRODUCTS_DIR)/WSO.app/WSO";
				FRAMEWORK_SEARCH_PATHS = (
					"$(SDKROOT)/Developer/Library/Frameworks",
					"$(inherited)",
					"$(DEVELOPER_FRAMEWORKS_DIR)",
				);
				GCC_PRECOMPILE_PREFIX_HEADER = YES;
				GCC_PREFIX_HEADER = "WSO/WSO-Prefix.pch";
				INFOPLIST_FILE = "WSOTests/WSOTests-Info.plist";
				PRODUCT_NAME = "$(TARGET_NAME)";
				TEST_HOST = "$(BUNDLE_LOADER)";
				WRAPPER_EXTENSION = xctest;
			};
			name = Release;
		};
/* End XCBuildConfiguration section */

/* Begin XCConfigurationList section */
		86319BE01917419100004C12 /* Build configuration list for PBXProject "WSO" */ = {
			isa = XCConfigurationList;
			buildConfigurations = (
				86319C181917419100004C12 /* Debug */,
				86319C191917419100004C12 /* Release */,
			);
			defaultConfigurationIsVisible = 0;
			defaultConfigurationName = Release;
		};
		86319C1A1917419100004C12 /* Build configuration list for PBXNativeTarget "WSO" */ = {
			isa = XCConfigurationList;
			buildConfigurations = (
				86319C1B1917419100004C12 /* Debug */,
				86319C1C1917419100004C12 /* Release */,
			);
			defaultConfigurationIsVisible = 0;
			defaultConfigurationName = Release;
		};
		86319C1D1917419100004C12 /* Build configuration list for PBXNativeTarget "WSOTests" */ = {
			isa = XCConfigurationList;
			buildConfigurations = (
				86319C1E1917419100004C12 /* Debug */,
				86319C1F1917419100004C12 /* Release */,
			);
			defaultConfigurationIsVisible = 0;
			defaultConfigurationName = Release;
		};
/* End XCConfigurationList section */
	};
	rootObject = 86319BDD1917419100004C12 /* Project object */;
}
